
Microsoft Visual Studio Solution File, Format Version 12.00
# Visual Studio Version 16
VisualStudioVersion = 16.0.29201.188
MinimumVisualStudioVersion = 10.0.40219.1
Project("{FAE04EC0-301F-11D3-BF4B-00C04F79EFBC}") = "PomodoroAlarm", "PomodoroAlarm\PomodoroAlarm.csproj", "{1466BCC7-7D0E-4FEB-AC39-26C947DFE26F}"
EndProject
Global
	GlobalSection(SolutionConfigurationPlatforms) = preSolution
		Debug|Any CPU = Debug|Any CPU
		Release|Any CPU = Release|Any CPU
	EndGlobalSection
	GlobalSection(ProjectConfigurationPlatforms) = postSolution
		{1466BCC7-7D0E-4FEB-AC39-26C947DFE26F}.Debug|Any CPU.ActiveCfg = Debug|Any CPU
		{1466BCC7-7D0E-4FEB-AC39-26C947DFE26F}.Debug|Any CPU.Build.0 = Debug|Any CPU
		{1466BCC7-7D0E-4FEB-AC39-26C947DFE26F}.Release|Any CPU.ActiveCfg = Release|Any CPU
		{1466BCC7-7D0E-4FEB-AC39-26C947DFE26F}.Release|Any CPU.Build.0 = Release|Any CPU
	EndGlobalSection
	GlobalSection(SolutionProperties) = preSolution
		HideSolutionNode = FALSE
	EndGlobalSection
	GlobalSection(ExtensibilityGlobals) = postSolution
		SolutionGuid = {772F3D8F-075C-42C2-8B64-6642DC3D42B8}
	EndGlobalSection
EndGlobal
